
Microsoft Visual Studio Solution File, Format Version 12.00
# Visual Studio Version 16
VisualStudioVersion = 16.0.29123.88
MinimumVisualStudioVersion = 10.0.40219.1
Project("{FAE04EC0-301F-11D3-BF4B-00C04F79EFBC}") = "Platform.Data.Doublets.Lino", "csharp\Platform.Data.Doublets.Lino\Platform.Data.Doublets.Lino.csproj", "{A616EC96-94DB-489D-B981-175FC9DA98A7}"
EndProject
Project("{FAE04EC0-301F-11D3-BF4B-00C04F79EFBC}") = "Platform.Data.Doublets.Lino.Tests", "csharp\Platform.Data.Doublets.Lino.Tests\Platform.Data.Doublets.Lino.Tests.csproj", "{2E802380-FC16-452A-8FB0-AA8D8591ED89}"
EndProject
Project("{FAE04EC0-301F-11D3-BF4B-00C04F79EFBC}") = "Platform.Data.Doublets.Lino.Importer", "csharp\Platform.Data.Doublets.Lino.Importer\Platform.Data.Doublets.Lino.Importer.csproj", "{F1F435A5-34B7-4681-B84D-97212C610B32}"
EndProject
Global
	GlobalSection(SolutionConfigurationPlatforms) = preSolution
		Debug|Any CPU = Debug|Any CPU
		Release|Any CPU = Release|Any CPU
	EndGlobalSection
	GlobalSection(ProjectConfigurationPlatforms) = postSolution
		{A6463D44-E42B-4FCF-AAB5-568E0AF1B6CD}.Debug|Any CPU.ActiveCfg = Debug|Any CPU
		{A6463D44-E42B-4FCF-AAB5-568E0AF1B6CD}.Debug|Any CPU.Build.0 = Debug|Any CPU
		{A6463D44-E42B-4FCF-AAB5-568E0AF1B6CD}.Release|Any CPU.ActiveCfg = Release|Any CPU
		{A6463D44-E42B-4FCF-AAB5-568E0AF1B6CD}.Release|Any CPU.Build.0 = Release|Any CPU
		{26400745-9D0F-4993-A23D-49EB381E4EBD}.Debug|Any CPU.ActiveCfg = Debug|Any CPU
		{26400745-9D0F-4993-A23D-49EB381E4EBD}.Debug|Any CPU.Build.0 = Debug|Any CPU
		{26400745-9D0F-4993-A23D-49EB381E4EBD}.Release|Any CPU.ActiveCfg = Release|Any CPU
		{26400745-9D0F-4993-A23D-49EB381E4EBD}.Release|Any CPU.Build.0 = Release|Any CPU
		{B3526338-1437-41A6-A613-B5B1222D3BB4}.Debug|Any CPU.ActiveCfg = Debug|Any CPU
		{B3526338-1437-41A6-A613-B5B1222D3BB4}.Debug|Any CPU.Build.0 = Debug|Any CPU
		{B3526338-1437-41A6-A613-B5B1222D3BB4}.Release|Any CPU.ActiveCfg = Release|Any CPU
		{B3526338-1437-41A6-A613-B5B1222D3BB4}.Release|Any CPU.Build.0 = Release|Any CPU
		{A616EC96-94DB-489D-B981-175FC9DA98A7}.Debug|Any CPU.ActiveCfg = Debug|Any CPU
		{A616EC96-94DB-489D-B981-175FC9DA98A7}.Debug|Any CPU.Build.0 = Debug|Any CPU
		{A616EC96-94DB-489D-B981-175FC9DA98A7}.Release|Any CPU.ActiveCfg = Release|Any CPU
		{A616EC96-94DB-489D-B981-175FC9DA98A7}.Release|Any CPU.Build.0 = Release|Any CPU
		{2E802380-FC16-452A-8FB0-AA8D8591ED89}.Debug|Any CPU.ActiveCfg = Debug|Any CPU
		{2E802380-FC16-452A-8FB0-AA8D8591ED89}.Debug|Any CPU.Build.0 = Debug|Any CPU
		{2E802380-FC16-452A-8FB0-AA8D8591ED89}.Release|Any CPU.ActiveCfg = Release|Any CPU
		{2E802380-FC16-452A-8FB0-AA8D8591ED89}.Release|Any CPU.Build.0 = Release|Any CPU
		{F1F435A5-34B7-4681-B84D-97212C610B32}.Debug|Any CPU.ActiveCfg = Debug|Any CPU
		{F1F435A5-34B7-4681-B84D-97212C610B32}.Debug|Any CPU.Build.0 = Debug|Any CPU
		{F1F435A5-34B7-4681-B84D-97212C610B32}.Release|Any CPU.ActiveCfg = Release|Any CPU
		{F1F435A5-34B7-4681-B84D-97212C610B32}.Release|Any CPU.Build.0 = Release|Any CPU
	EndGlobalSection
	GlobalSection(SolutionProperties) = preSolution
		HideSolutionNode = FALSE
	EndGlobalSection
	GlobalSection(ExtensibilityGlobals) = postSolution
		SolutionGuid = {9D0D9CA6-3248-4AE2-A6FA-CEF4A6CDDB01}
	EndGlobalSection
EndGlobal
